
Microsoft Visual Studio Solution File, Format Version 12.00
# Visual Studio 2013
VisualStudioVersion = 12.0.21005.1
MinimumVisualStudioVersion = 10.0.40219.1
Project("{8BC9CEB8-8B4A-11D0-8D11-00A0C91BC942}") = "Gage", "Gage\Gage.vcxproj", "{BFCD56AE-E26B-47DD-B6C1-46E6DD11C41F}"
EndProject
Project("{8BC9CEB8-8B4A-11D0-8D11-00A0C91BC942}") = "GageWrapper", "GageWrapper\GageWrapper.vcxproj", "{08CE6ABE-91FF-4292-A8FC-6D366471D702}"
EndProject
Project("{FAE04EC0-301F-11D3-BF4B-00C04F79EFBC}") = "Test", "Test\Test.csproj", "{C004254A-F573-46C6-B727-51798E68B3C0}"
	ProjectSection(ProjectDependencies) = postProject
		{BFCD56AE-E26B-47DD-B6C1-46E6DD11C41F} = {BFCD56AE-E26B-47DD-B6C1-46E6DD11C41F}
	EndProjectSection
EndProject
Project("{FAE04EC0-301F-11D3-BF4B-00C04F79EFBC}") = "GageUI", "GageUI\GageUI.csproj", "{F7250FC6-5E2B-4B50-AEE0-A4E892809C43}"
EndProject
Project("{2150E333-8FDC-42A3-9474-1A3956D46DE8}") = "Solution Items", "Solution Items", "{1FD24840-3CE9-44DE-83F4-FF4E1B833BD1}"
	ProjectSection(SolutionItems) = preProject
		Performance1.psess = Performance1.psess
	EndProjectSection
EndProject
Global
	GlobalSection(SolutionConfigurationPlatforms) = preSolution
		Debug|Any CPU = Debug|Any CPU
		Debug|Mixed Platforms = Debug|Mixed Platforms
		Debug|Win32 = Debug|Win32
		Release|Any CPU = Release|Any CPU
		Release|Mixed Platforms = Release|Mixed Platforms
		Release|Win32 = Release|Win32
	EndGlobalSection
	GlobalSection(ProjectConfigurationPlatforms) = postSolution
		{BFCD56AE-E26B-47DD-B6C1-46E6DD11C41F}.Debug|Any CPU.ActiveCfg = Debug|Win32
		{BFCD56AE-E26B-47DD-B6C1-46E6DD11C41F}.Debug|Mixed Platforms.ActiveCfg = Debug|Win32
		{BFCD56AE-E26B-47DD-B6C1-46E6DD11C41F}.Debug|Mixed Platforms.Build.0 = Debug|Win32
		{BFCD56AE-E26B-47DD-B6C1-46E6DD11C41F}.Debug|Win32.ActiveCfg = Debug|Win32
		{BFCD56AE-E26B-47DD-B6C1-46E6DD11C41F}.Debug|Win32.Build.0 = Debug|Win32
		{BFCD56AE-E26B-47DD-B6C1-46E6DD11C41F}.Release|Any CPU.ActiveCfg = Release|Win32
		{BFCD56AE-E26B-47DD-B6C1-46E6DD11C41F}.Release|Mixed Platforms.ActiveCfg = Release|Win32
		{BFCD56AE-E26B-47DD-B6C1-46E6DD11C41F}.Release|Mixed Platforms.Build.0 = Release|Win32
		{BFCD56AE-E26B-47DD-B6C1-46E6DD11C41F}.Release|Win32.ActiveCfg = Release|Win32
		{BFCD56AE-E26B-47DD-B6C1-46E6DD11C41F}.Release|Win32.Build.0 = Release|Win32
		{08CE6ABE-91FF-4292-A8FC-6D366471D702}.Debug|Any CPU.ActiveCfg = Debug|Win32
		{08CE6ABE-91FF-4292-A8FC-6D366471D702}.Debug|Mixed Platforms.ActiveCfg = Debug|Win32
		{08CE6ABE-91FF-4292-A8FC-6D366471D702}.Debug|Mixed Platforms.Build.0 = Debug|Win32
		{08CE6ABE-91FF-4292-A8FC-6D366471D702}.Debug|Win32.ActiveCfg = Debug|Win32
		{08CE6ABE-91FF-4292-A8FC-6D366471D702}.Debug|Win32.Build.0 = Debug|Win32
		{08CE6ABE-91FF-4292-A8FC-6D366471D702}.Release|Any CPU.ActiveCfg = Release|Win32
		{08CE6ABE-91FF-4292-A8FC-6D366471D702}.Release|Mixed Platforms.ActiveCfg = Release|Win32
		{08CE6ABE-91FF-4292-A8FC-6D366471D702}.Release|Mixed Platforms.Build.0 = Release|Win32
		{08CE6ABE-91FF-4292-A8FC-6D366471D702}.Release|Win32.ActiveCfg = Release|Win32
		{08CE6ABE-91FF-4292-A8FC-6D366471D702}.Release|Win32.Build.0 = Release|Win32
		{C004254A-F573-46C6-B727-51798E68B3C0}.Debug|Any CPU.ActiveCfg = Debug|Any CPU
		{C004254A-F573-46C6-B727-51798E68B3C0}.Debug|Any CPU.Build.0 = Debug|Any CPU
		{C004254A-F573-46C6-B727-51798E68B3C0}.Debug|Mixed Platforms.ActiveCfg = Debug|Any CPU
		{C004254A-F573-46C6-B727-51798E68B3C0}.Debug|Mixed Platforms.Build.0 = Debug|Any CPU
		{C004254A-F573-46C6-B727-51798E68B3C0}.Debug|Win32.ActiveCfg = Debug|Any CPU
		{C004254A-F573-46C6-B727-51798E68B3C0}.Release|Any CPU.ActiveCfg = Release|Any CPU
		{C004254A-F573-46C6-B727-51798E68B3C0}.Release|Any CPU.Build.0 = Release|Any CPU
		{C004254A-F573-46C6-B727-51798E68B3C0}.Release|Mixed Platforms.ActiveCfg = Release|Any CPU
		{C004254A-F573-46C6-B727-51798E68B3C0}.Release|Mixed Platforms.Build.0 = Release|Any CPU
		{C004254A-F573-46C6-B727-51798E68B3C0}.Release|Win32.ActiveCfg = Release|Any CPU
		{F7250FC6-5E2B-4B50-AEE0-A4E892809C43}.Debug|Any CPU.ActiveCfg = Debug|Any CPU
		{F7250FC6-5E2B-4B50-AEE0-A4E892809C43}.Debug|Any CPU.Build.0 = Debug|Any CPU
		{F7250FC6-5E2B-4B50-AEE0-A4E892809C43}.Debug|Mixed Platforms.ActiveCfg = Debug|Any CPU
		{F7250FC6-5E2B-4B50-AEE0-A4E892809C43}.Debug|Mixed Platforms.Build.0 = Debug|Any CPU
		{F7250FC6-5E2B-4B50-AEE0-A4E892809C43}.Debug|Win32.ActiveCfg = Debug|Any CPU
		{F7250FC6-5E2B-4B50-AEE0-A4E892809C43}.Release|Any CPU.ActiveCfg = Release|Any CPU
		{F7250FC6-5E2B-4B50-AEE0-A4E892809C43}.Release|Any CPU.Build.0 = Release|Any CPU
		{F7250FC6-5E2B-4B50-AEE0-A4E892809C43}.Release|Mixed Platforms.ActiveCfg = Release|Any CPU
		{F7250FC6-5E2B-4B50-AEE0-A4E892809C43}.Release|Mixed Platforms.Build.0 = Release|Any CPU
		{F7250FC6-5E2B-4B50-AEE0-A4E892809C43}.Release|Win32.ActiveCfg = Release|Any CPU
	EndGlobalSection
	GlobalSection(SolutionProperties) = preSolution
		HideSolutionNode = FALSE
	EndGlobalSection
	GlobalSection(Performance) = preSolution
		HasPerformanceSessions = true
	EndGlobalSection
EndGlobal
